// !$*UTF8*$!
{
	archiveVersion = 1;
	classes = {
	};
	objectVersion = 55;
	objects = {

/* Begin PBXBuildFile section */
		9A2AED9128AFDA050057A832 /* TouchView.swift in Sources */ = {isa = PBXBuildFile; fileRef = 9A2AED9028AFDA050057A832 /* TouchView.swift */; };
		9A8019CB28AFA2F300AA761D /* AppDelegate.swift in Sources */ = {isa = PBXBuildFile; fileRef = 9A8019CA28AFA2F300AA761D /* AppDelegate.swift */; };
		9A8019CD28AFA2F300AA761D /* SceneDelegate.swift in Sources */ = {isa = PBXBuildFile; fileRef = 9A8019CC28AFA2F300AA761D /* SceneDelegate.swift */; };
		9A8019CF28AFA2F300AA761D /* VoiceController.swift in Sources */ = {isa = PBXBuildFile; fileRef = 9A8019CE28AFA2F300AA761D /* VoiceController.swift */; };
		9A8019D228AFA2F300AA761D /* Main.storyboard in Resources */ = {isa = PBXBuildFile; fileRef = 9A8019D028AFA2F300AA761D /* Main.storyboard */; };
		9A8019D428AFA2F500AA761D /* Assets.xcassets in Resources */ = {isa = PBXBuildFile; fileRef = 9A8019D328AFA2F500AA761D /* Assets.xcassets */; };
		9A8019D728AFA2F500AA761D /* LaunchScreen.storyboard in Resources */ = {isa = PBXBuildFile; fileRef = 9A8019D528AFA2F500AA761D /* LaunchScreen.storyboard */; };
		9A8019DF28AFA99100AA761D /* UIView+Extensions.swift in Sources */ = {isa = PBXBuildFile; fileRef = 9A8019DE28AFA99100AA761D /* UIView+Extensions.swift */; };
		9A8019E728AFAAD300AA761D /* AudioPlayer.swift in Sources */ = {isa = PBXBuildFile; fileRef = 9A8019E628AFAAD300AA761D /* AudioPlayer.swift */; };
		9A8019FA28AFABCC00AA761D /* 3_Finger_Swipe_Left.mp3 in Resources */ = {isa = PBXBuildFile; fileRef = 9A8019ED28AFABCB00AA761D /* 3_Finger_Swipe_Left.mp3 */; };
		9A8019FB28AFABCC00AA761D /* 1_Finger_Swipe_Down.mp3 in Resources */ = {isa = PBXBuildFile; fileRef = 9A8019EE28AFABCB00AA761D /* 1_Finger_Swipe_Down.mp3 */; };
		9A8019FC28AFABCC00AA761D /* 1_Finger_Swipe_Left.mp3 in Resources */ = {isa = PBXBuildFile; fileRef = 9A8019EF28AFABCB00AA761D /* 1_Finger_Swipe_Left.mp3 */; };
		9A8019FD28AFABCC00AA761D /* 1_Finger_Double_Tap.mp3 in Resources */ = {isa = PBXBuildFile; fileRef = 9A8019F028AFABCB00AA761D /* 1_Finger_Double_Tap.mp3 */; };
		9A8019FE28AFABCC00AA761D /* 3_Finger_Swipe_Down.mp3 in Resources */ = {isa = PBXBuildFile; fileRef = 9A8019F128AFABCB00AA761D /* 3_Finger_Swipe_Down.mp3 */; };
		9A8019FF28AFABCC00AA761D /* 1_Finger_Swipe_Right.mp3 in Resources */ = {isa = PBXBuildFile; fileRef = 9A8019F228AFABCB00AA761D /* 1_Finger_Swipe_Right.mp3 */; };
		9A801A0028AFABCC00AA761D /* 2_Finger_Swipe_Left.mp3 in Resources */ = {isa = PBXBuildFile; fileRef = 9A8019F328AFABCB00AA761D /* 2_Finger_Swipe_Left.mp3 */; };
		9A801A0128AFABCC00AA761D /* 2_Finger_Swipe_Right.mp3 in Resources */ = {isa = PBXBuildFile; fileRef = 9A8019F428AFABCB00AA761D /* 2_Finger_Swipe_Right.mp3 */; };
		9A801A0228AFABCC00AA761D /* 3_Finger_Swipe_Up.mp3 in Resources */ = {isa = PBXBuildFile; fileRef = 9A8019F528AFABCB00AA761D /* 3_Finger_Swipe_Up.mp3 */; };
		9A801A0328AFABCC00AA761D /* 1_Finger_Swipe_Up.mp3 in Resources */ = {isa = PBXBuildFile; fileRef = 9A8019F628AFABCB00AA761D /* 1_Finger_Swipe_Up.mp3 */; };
		9A801A0428AFABCC00AA761D /* 2_Finger_Swipe_Down.mp3 in Resources */ = {isa = PBXBuildFile; fileRef = 9A8019F728AFABCB00AA761D /* 2_Finger_Swipe_Down.mp3 */; };
		9A801A0528AFABCC00AA761D /* 3_Finger_Swipe_Right.mp3 in Resources */ = {isa = PBXBuildFile; fileRef = 9A8019F828AFABCB00AA761D /* 3_Finger_Swipe_Right.mp3 */; };
		9A801A0628AFABCC00AA761D /* 2_Finger_Swipe_Up.mp3 in Resources */ = {isa = PBXBuildFile; fileRef = 9A8019F928AFABCB00AA761D /* 2_Finger_Swipe_Up.mp3 */; };
		9A801A0928AFAD2100AA761D /* Gesture.swift in Sources */ = {isa = PBXBuildFile; fileRef = 9A801A0828AFAD2100AA761D /* Gesture.swift */; };
		A8C7B6DF28B11E010026B224 /* StereoAudioViewController.swift in Sources */ = {isa = PBXBuildFile; fileRef = A8C7B6DE28B11E010026B224 /* StereoAudioViewController.swift */; };
		A8E6BC2F28B1225000F5922F /* 1_finger_hold_down_moving_Down.mp3 in Resources */ = {isa = PBXBuildFile; fileRef = A8E6BC2D28B1225000F5922F /* 1_finger_hold_down_moving_Down.mp3 */; };
		A8E6BC3028B1225000F5922F /* 1_finger_hold_down_Moving_up.mp3 in Resources */ = {isa = PBXBuildFile; fileRef = A8E6BC2E28B1225000F5922F /* 1_finger_hold_down_Moving_up.mp3 */; };
		A8E6BC3628B2594F00F5922F /* Constants.swift in Sources */ = {isa = PBXBuildFile; fileRef = A8E6BC3528B2594F00F5922F /* Constants.swift */; };
		A8E6BC3A28B25CD900F5922F /* 1_finger_hold_down_Center.mp3 in Resources */ = {isa = PBXBuildFile; fileRef = A8E6BC3928B25CD900F5922F /* 1_finger_hold_down_Center.mp3 */; };
/* End PBXBuildFile section */

/* Begin PBXFileReference section */
		9A2AED9028AFDA050057A832 /* TouchView.swift */ = {isa = PBXFileReference; lastKnownFileType = sourcecode.swift; path = TouchView.swift; sourceTree = "<group>"; };
		9A8019C728AFA2F300AA761D /* Blind Shooter Audio Controller.app */ = {isa = PBXFileReference; explicitFileType = wrapper.application; includeInIndex = 0; path = "Blind Shooter Audio Controller.app"; sourceTree = BUILT_PRODUCTS_DIR; };
		9A8019CA28AFA2F300AA761D /* AppDelegate.swift */ = {isa = PBXFileReference; lastKnownFileType = sourcecode.swift; path = AppDelegate.swift; sourceTree = "<group>"; };
		9A8019CC28AFA2F300AA761D /* SceneDelegate.swift */ = {isa = PBXFileReference; lastKnownFileType = sourcecode.swift; path = SceneDelegate.swift; sourceTree = "<group>"; };
		9A8019CE28AFA2F300AA761D /* VoiceController.swift */ = {isa = PBXFileReference; lastKnownFileType = sourcecode.swift; path = VoiceController.swift; sourceTree = "<group>"; };
		9A8019D128AFA2F300AA761D /* Base */ = {isa = PBXFileReference; lastKnownFileType = file.storyboard; name = Base; path = Base.lproj/Main.storyboard; sourceTree = "<group>"; };
		9A8019D328AFA2F500AA761D /* Assets.xcassets */ = {isa = PBXFileReference; lastKnownFileType = folder.assetcatalog; path = Assets.xcassets; sourceTree = "<group>"; };
		9A8019D628AFA2F500AA761D /* Base */ = {isa = PBXFileReference; lastKnownFileType = file.storyboard; name = Base; path = Base.lproj/LaunchScreen.storyboard; sourceTree = "<group>"; };
		9A8019D828AFA2F500AA761D /* Info.plist */ = {isa = PBXFileReference; lastKnownFileType = text.plist.xml; path = Info.plist; sourceTree = "<group>"; };
		9A8019DE28AFA99100AA761D /* UIView+Extensions.swift */ = {isa = PBXFileReference; fileEncoding = 4; lastKnownFileType = sourcecode.swift; path = "UIView+Extensions.swift"; sourceTree = "<group>"; };
		9A8019E628AFAAD300AA761D /* AudioPlayer.swift */ = {isa = PBXFileReference; lastKnownFileType = sourcecode.swift; path = AudioPlayer.swift; sourceTree = "<group>"; };
		9A8019ED28AFABCB00AA761D /* 3_Finger_Swipe_Left.mp3 */ = {isa = PBXFileReference; lastKnownFileType = audio.mp3; path = 3_Finger_Swipe_Left.mp3; sourceTree = "<group>"; };
		9A8019EE28AFABCB00AA761D /* 1_Finger_Swipe_Down.mp3 */ = {isa = PBXFileReference; lastKnownFileType = audio.mp3; path = 1_Finger_Swipe_Down.mp3; sourceTree = "<group>"; };
		9A8019EF28AFABCB00AA761D /* 1_Finger_Swipe_Left.mp3 */ = {isa = PBXFileReference; lastKnownFileType = audio.mp3; path = 1_Finger_Swipe_Left.mp3; sourceTree = "<group>"; };
		9A8019F028AFABCB00AA761D /* 1_Finger_Double_Tap.mp3 */ = {isa = PBXFileReference; lastKnownFileType = audio.mp3; path = 1_Finger_Double_Tap.mp3; sourceTree = "<group>"; };
		9A8019F128AFABCB00AA761D /* 3_Finger_Swipe_Down.mp3 */ = {isa = PBXFileReference; lastKnownFileType = audio.mp3; path = 3_Finger_Swipe_Down.mp3; sourceTree = "<group>"; };
		9A8019F228AFABCB00AA761D /* 1_Finger_Swipe_Right.mp3 */ = {isa = PBXFileReference; lastKnownFileType = audio.mp3; path = 1_Finger_Swipe_Right.mp3; sourceTree = "<group>"; };
		9A8019F328AFABCB00AA761D /* 2_Finger_Swipe_Left.mp3 */ = {isa = PBXFileReference; lastKnownFileType = audio.mp3; path = 2_Finger_Swipe_Left.mp3; sourceTree = "<group>"; };
		9A8019F428AFABCB00AA761D /* 2_Finger_Swipe_Right.mp3 */ = {isa = PBXFileReference; lastKnownFileType = audio.mp3; path = 2_Finger_Swipe_Right.mp3; sourceTree = "<group>"; };
		9A8019F528AFABCB00AA761D /* 3_Finger_Swipe_Up.mp3 */ = {isa = PBXFileReference; lastKnownFileType = audio.mp3; path = 3_Finger_Swipe_Up.mp3; sourceTree = "<group>"; };
		9A8019F628AFABCB00AA761D /* 1_Finger_Swipe_Up.mp3 */ = {isa = PBXFileReference; lastKnownFileType = audio.mp3; path = 1_Finger_Swipe_Up.mp3; sourceTree = "<group>"; };
		9A8019F728AFABCB00AA761D /* 2_Finger_Swipe_Down.mp3 */ = {isa = PBXFileReference; lastKnownFileType = audio.mp3; path = 2_Finger_Swipe_Down.mp3; sourceTree = "<group>"; };
		9A8019F828AFABCB00AA761D /* 3_Finger_Swipe_Right.mp3 */ = {isa = PBXFileReference; lastKnownFileType = audio.mp3; path = 3_Finger_Swipe_Right.mp3; sourceTree = "<group>"; };
		9A8019F928AFABCB00AA761D /* 2_Finger_Swipe_Up.mp3 */ = {isa = PBXFileReference; lastKnownFileType = audio.mp3; path = 2_Finger_Swipe_Up.mp3; sourceTree = "<group>"; };
		9A801A0828AFAD2100AA761D /* Gesture.swift */ = {isa = PBXFileReference; lastKnownFileType = sourcecode.swift; path = Gesture.swift; sourceTree = "<group>"; };
		A8C7B6DE28B11E010026B224 /* StereoAudioViewController.swift */ = {isa = PBXFileReference; lastKnownFileType = sourcecode.swift; path = StereoAudioViewController.swift; sourceTree = "<group>"; };
		A8E6BC2D28B1225000F5922F /* 1_finger_hold_down_moving_Down.mp3 */ = {isa = PBXFileReference; lastKnownFileType = audio.mp3; path = 1_finger_hold_down_moving_Down.mp3; sourceTree = "<group>"; };
		A8E6BC2E28B1225000F5922F /* 1_finger_hold_down_Moving_up.mp3 */ = {isa = PBXFileReference; lastKnownFileType = audio.mp3; path = 1_finger_hold_down_Moving_up.mp3; sourceTree = "<group>"; };
		A8E6BC3528B2594F00F5922F /* Constants.swift */ = {isa = PBXFileReference; lastKnownFileType = sourcecode.swift; path = Constants.swift; sourceTree = "<group>"; };
		A8E6BC3928B25CD900F5922F /* 1_finger_hold_down_Center.mp3 */ = {isa = PBXFileReference; lastKnownFileType = audio.mp3; path = 1_finger_hold_down_Center.mp3; sourceTree = "<group>"; };
/* End PBXFileReference section */

/* Begin PBXFrameworksBuildPhase section */
		9A8019C428AFA2F300AA761D /* Frameworks */ = {
			isa = PBXFrameworksBuildPhase;
			buildActionMask = 2147483647;
			files = (
			);
			runOnlyForDeploymentPostprocessing = 0;
		};
/* End PBXFrameworksBuildPhase section */

/* Begin PBXGroup section */
		9A2AED8D28AFD4280057A832 /* Views */ = {
			isa = PBXGroup;
			children = (
				9A2AED9028AFDA050057A832 /* TouchView.swift */,
			);
			path = Views;
			sourceTree = "<group>";
		};
		9A8019BE28AFA2F300AA761D = {
			isa = PBXGroup;
			children = (
				9A8019C928AFA2F300AA761D /* Blind Shooter Audio Controller */,
				9A8019C828AFA2F300AA761D /* Products */,
			);
			sourceTree = "<group>";
		};
		9A8019C828AFA2F300AA761D /* Products */ = {
			isa = PBXGroup;
			children = (
				9A8019C728AFA2F300AA761D /* Blind Shooter Audio Controller.app */,
			);
			name = Products;
			sourceTree = "<group>";
		};
		9A8019C928AFA2F300AA761D /* Blind Shooter Audio Controller */ = {
			isa = PBXGroup;
			children = (
				9A8019E128AFAA0700AA761D /* AppDelegate */,
				9A8019E328AFAA3800AA761D /* Storyboards */,
				9A8019E228AFAA1C00AA761D /* ViewControllers */,
				9A2AED8D28AFD4280057A832 /* Views */,
				9A8019E528AFAA7B00AA761D /* Common */,
				A8E6BC3528B2594F00F5922F /* Constants.swift */,
				9A8019EB28AFAB9100AA761D /* Resources */,
				9A8019D328AFA2F500AA761D /* Assets.xcassets */,
				9A8019D828AFA2F500AA761D /* Info.plist */,
			);
			path = "Blind Shooter Audio Controller";
			sourceTree = "<group>";
		};
		9A8019E028AFA9A100AA761D /* Extensions */ = {
			isa = PBXGroup;
			children = (
				9A8019DE28AFA99100AA761D /* UIView+Extensions.swift */,
			);
			path = Extensions;
			sourceTree = "<group>";
		};
		9A8019E128AFAA0700AA761D /* AppDelegate */ = {
			isa = PBXGroup;
			children = (
				9A8019CC28AFA2F300AA761D /* SceneDelegate.swift */,
				9A8019CA28AFA2F300AA761D /* AppDelegate.swift */,
			);
			path = AppDelegate;
			sourceTree = "<group>";
		};
		9A8019E228AFAA1C00AA761D /* ViewControllers */ = {
			isa = PBXGroup;
			children = (
				9A8019CE28AFA2F300AA761D /* VoiceController.swift */,
				A8C7B6DE28B11E010026B224 /* StereoAudioViewController.swift */,
			);
			path = ViewControllers;
			sourceTree = "<group>";
		};
		9A8019E328AFAA3800AA761D /* Storyboards */ = {
			isa = PBXGroup;
			children = (
				9A8019D528AFA2F500AA761D /* LaunchScreen.storyboard */,
				9A8019D028AFA2F300AA761D /* Main.storyboard */,
			);
			path = Storyboards;
			sourceTree = "<group>";
		};
		9A8019E428AFAA7200AA761D /* Managers */ = {
			isa = PBXGroup;
			children = (
				9A8019E628AFAAD300AA761D /* AudioPlayer.swift */,
			);
			name = Managers;
			sourceTree = "<group>";
		};
		9A8019E528AFAA7B00AA761D /* Common */ = {
			isa = PBXGroup;
			children = (
				9A801A0728AFACA400AA761D /* Models */,
				9A8019E028AFA9A100AA761D /* Extensions */,
				9A8019E428AFAA7200AA761D /* Managers */,
			);
			name = Common;
			path = Managers;
			sourceTree = "<group>";
		};
		9A8019EB28AFAB9100AA761D /* Resources */ = {
			isa = PBXGroup;
			children = (
				9A8019EC28AFABB300AA761D /* AudioFiles */,
			);
			path = Resources;
			sourceTree = "<group>";
		};
		9A8019EC28AFABB300AA761D /* AudioFiles */ = {
			isa = PBXGroup;
			children = (
				A8E6BC3C28B25D4500F5922F /* VoiceComands */,
				A8E6BC3B28B25D3200F5922F /* StereoAudio */,
			);
			path = AudioFiles;
			sourceTree = "<group>";
		};
		9A801A0728AFACA400AA761D /* Models */ = {
			isa = PBXGroup;
			children = (
				9A801A0828AFAD2100AA761D /* Gesture.swift */,
			);
			path = Models;
			sourceTree = "<group>";
		};
		A8E6BC3B28B25D3200F5922F /* StereoAudio */ = {
			isa = PBXGroup;
			children = (
				A8E6BC3928B25CD900F5922F /* 1_finger_hold_down_Center.mp3 */,
				A8E6BC2D28B1225000F5922F /* 1_finger_hold_down_moving_Down.mp3 */,
				A8E6BC2E28B1225000F5922F /* 1_finger_hold_down_Moving_up.mp3 */,
			);
			path = StereoAudio;
			sourceTree = "<group>";
		};
		A8E6BC3C28B25D4500F5922F /* VoiceComands */ = {
			isa = PBXGroup;
			children = (
				9A8019F028AFABCB00AA761D /* 1_Finger_Double_Tap.mp3 */,
				9A8019EE28AFABCB00AA761D /* 1_Finger_Swipe_Down.mp3 */,
				9A8019EF28AFABCB00AA761D /* 1_Finger_Swipe_Left.mp3 */,
				9A8019F228AFABCB00AA761D /* 1_Finger_Swipe_Right.mp3 */,
				9A8019F628AFABCB00AA761D /* 1_Finger_Swipe_Up.mp3 */,
				9A8019F728AFABCB00AA761D /* 2_Finger_Swipe_Down.mp3 */,
				9A8019F328AFABCB00AA761D /* 2_Finger_Swipe_Left.mp3 */,
				9A8019F428AFABCB00AA761D /* 2_Finger_Swipe_Right.mp3 */,
				9A8019F928AFABCB00AA761D /* 2_Finger_Swipe_Up.mp3 */,
				9A8019F128AFABCB00AA761D /* 3_Finger_Swipe_Down.mp3 */,
				9A8019ED28AFABCB00AA761D /* 3_Finger_Swipe_Left.mp3 */,
				9A8019F828AFABCB00AA761D /* 3_Finger_Swipe_Right.mp3 */,
				9A8019F528AFABCB00AA761D /* 3_Finger_Swipe_Up.mp3 */,
			);
			path = VoiceComands;
			sourceTree = "<group>";
		};
/* End PBXGroup section */

/* Begin PBXNativeTarget section */
		9A8019C628AFA2F300AA761D /* Blind Shooter Audio Controller */ = {
			isa = PBXNativeTarget;
			buildConfigurationList = 9A8019DB28AFA2F500AA761D /* Build configuration list for PBXNativeTarget "Blind Shooter Audio Controller" */;
			buildPhases = (
				9A8019C328AFA2F300AA761D /* Sources */,
				9A8019C428AFA2F300AA761D /* Frameworks */,
				9A8019C528AFA2F300AA761D /* Resources */,
			);
			buildRules = (
			);
			dependencies = (
			);
			name = "Blind Shooter Audio Controller";
			productName = "Blind Shooter Audio Controller";
			productReference = 9A8019C728AFA2F300AA761D /* Blind Shooter Audio Controller.app */;
			productType = "com.apple.product-type.application";
		};
/* End PBXNativeTarget section */

/* Begin PBXProject section */
		9A8019BF28AFA2F300AA761D /* Project object */ = {
			isa = PBXProject;
			attributes = {
				BuildIndependentTargetsInParallel = 1;
				LastSwiftUpdateCheck = 1340;
				LastUpgradeCheck = 1340;
				TargetAttributes = {
					9A8019C628AFA2F300AA761D = {
						CreatedOnToolsVersion = 13.4;
					};
				};
			};
			buildConfigurationList = 9A8019C228AFA2F300AA761D /* Build configuration list for PBXProject "Blind Shooter Audio Controller" */;
			compatibilityVersion = "Xcode 13.0";
			developmentRegion = en;
			hasScannedForEncodings = 0;
			knownRegions = (
				en,
				Base,
			);
			mainGroup = 9A8019BE28AFA2F300AA761D;
			productRefGroup = 9A8019C828AFA2F300AA761D /* Products */;
			projectDirPath = "";
			projectRoot = "";
			targets = (
				9A8019C628AFA2F300AA761D /* Blind Shooter Audio Controller */,
			);
		};
/* End PBXProject section */

/* Begin PBXResourcesBuildPhase section */
		9A8019C528AFA2F300AA761D /* Resources */ = {
			isa = PBXResourcesBuildPhase;
			buildActionMask = 2147483647;
			files = (
				9A8019FE28AFABCC00AA761D /* 3_Finger_Swipe_Down.mp3 in Resources */,
				9A8019D728AFA2F500AA761D /* LaunchScreen.storyboard in Resources */,
				9A801A0028AFABCC00AA761D /* 2_Finger_Swipe_Left.mp3 in Resources */,
				9A801A0328AFABCC00AA761D /* 1_Finger_Swipe_Up.mp3 in Resources */,
				A8E6BC3028B1225000F5922F /* 1_finger_hold_down_Moving_up.mp3 in Resources */,
				9A801A0228AFABCC00AA761D /* 3_Finger_Swipe_Up.mp3 in Resources */,
				9A8019D428AFA2F500AA761D /* Assets.xcassets in Resources */,
				9A8019FF28AFABCC00AA761D /* 1_Finger_Swipe_Right.mp3 in Resources */,
				9A8019FD28AFABCC00AA761D /* 1_Finger_Double_Tap.mp3 in Resources */,
				9A801A0128AFABCC00AA761D /* 2_Finger_Swipe_Right.mp3 in Resources */,
				9A801A0528AFABCC00AA761D /* 3_Finger_Swipe_Right.mp3 in Resources */,
				9A801A0628AFABCC00AA761D /* 2_Finger_Swipe_Up.mp3 in Resources */,
				9A801A0428AFABCC00AA761D /* 2_Finger_Swipe_Down.mp3 in Resources */,
				9A8019D228AFA2F300AA761D /* Main.storyboard in Resources */,
				9A8019FC28AFABCC00AA761D /* 1_Finger_Swipe_Left.mp3 in Resources */,
				A8E6BC2F28B1225000F5922F /* 1_finger_hold_down_moving_Down.mp3 in Resources */,
				A8E6BC3A28B25CD900F5922F /* 1_finger_hold_down_Center.mp3 in Resources */,
				9A8019FA28AFABCC00AA761D /* 3_Finger_Swipe_Left.mp3 in Resources */,
				9A8019FB28AFABCC00AA761D /* 1_Finger_Swipe_Down.mp3 in Resources */,
			);
			runOnlyForDeploymentPostprocessing = 0;
		};
/* End PBXResourcesBuildPhase section */

/* Begin PBXSourcesBuildPhase section */
		9A8019C328AFA2F300AA761D /* Sources */ = {
			isa = PBXSourcesBuildPhase;
			buildActionMask = 2147483647;
			files = (
				9A8019CF28AFA2F300AA761D /* VoiceController.swift in Sources */,
				9A8019CB28AFA2F300AA761D /* AppDelegate.swift in Sources */,
				9A2AED9128AFDA050057A832 /* TouchView.swift in Sources */,
				9A8019E728AFAAD300AA761D /* AudioPlayer.swift in Sources */,
				9A8019DF28AFA99100AA761D /* UIView+Extensions.swift in Sources */,
				A8C7B6DF28B11E010026B224 /* StereoAudioViewController.swift in Sources */,
				9A8019CD28AFA2F300AA761D /* SceneDelegate.swift in Sources */,
				9A801A0928AFAD2100AA761D /* Gesture.swift in Sources */,
				A8E6BC3628B2594F00F5922F /* Constants.swift in Sources */,
			);
			runOnlyForDeploymentPostprocessing = 0;
		};
/* End PBXSourcesBuildPhase section */

/* Begin PBXVariantGroup section */
		9A8019D028AFA2F300AA761D /* Main.storyboard */ = {
			isa = PBXVariantGroup;
			children = (
				9A8019D128AFA2F300AA761D /* Base */,
			);
			name = Main.storyboard;
			sourceTree = "<group>";
		};
		9A8019D528AFA2F500AA761D /* LaunchScreen.storyboard */ = {
			isa = PBXVariantGroup;
			children = (
				9A8019D628AFA2F500AA761D /* Base */,
			);
			name = LaunchScreen.storyboard;
			sourceTree = "<group>";
		};
/* End PBXVariantGroup section */

/* Begin XCBuildConfiguration section */
		9A8019D928AFA2F500AA761D /* Debug */ = {
			isa = XCBuildConfiguration;
			buildSettings = {
				ALWAYS_SEARCH_USER_PATHS = NO;
				CLANG_ANALYZER_NONNULL = YES;
				CLANG_ANALYZER_NUMBER_OBJECT_CONVERSION = YES_AGGRESSIVE;
				CLANG_CXX_LANGUAGE_STANDARD = "gnu++17";
				CLANG_ENABLE_MODULES = YES;
				CLANG_ENABLE_OBJC_ARC = YES;
				CLANG_ENABLE_OBJC_WEAK = YES;
				CLANG_WARN_BLOCK_CAPTURE_AUTORELEASING = YES;
				CLANG_WARN_BOOL_CONVERSION = YES;
				CLANG_WARN_COMMA = YES;
				CLANG_WARN_CONSTANT_CONVERSION = YES;
				CLANG_WARN_DEPRECATED_OBJC_IMPLEMENTATIONS = YES;
				CLANG_WARN_DIRECT_OBJC_ISA_USAGE = YES_ERROR;
				CLANG_WARN_DOCUMENTATION_COMMENTS = YES;
				CLANG_WARN_EMPTY_BODY = YES;
				CLANG_WARN_ENUM_CONVERSION = YES;
				CLANG_WARN_INFINITE_RECURSION = YES;
				CLANG_WARN_INT_CONVERSION = YES;
				CLANG_WARN_NON_LITERAL_NULL_CONVERSION = YES;
				CLANG_WARN_OBJC_IMPLICIT_RETAIN_SELF = YES;
				CLANG_WARN_OBJC_LITERAL_CONVERSION = YES;
				CLANG_WARN_OBJC_ROOT_CLASS = YES_ERROR;
				CLANG_WARN_QUOTED_INCLUDE_IN_FRAMEWORK_HEADER = YES;
				CLANG_WARN_RANGE_LOOP_ANALYSIS = YES;
				CLANG_WARN_STRICT_PROTOTYPES = YES;
				CLANG_WARN_SUSPICIOUS_MOVE = YES;
				CLANG_WARN_UNGUARDED_AVAILABILITY = YES_AGGRESSIVE;
				CLANG_WARN_UNREACHABLE_CODE = YES;
				CLANG_WARN__DUPLICATE_METHOD_MATCH = YES;
				COPY_PHASE_STRIP = NO;
				DEBUG_INFORMATION_FORMAT = dwarf;
				ENABLE_STRICT_OBJC_MSGSEND = YES;
				ENABLE_TESTABILITY = YES;
				GCC_C_LANGUAGE_STANDARD = gnu11;
				GCC_DYNAMIC_NO_PIC = NO;
				GCC_NO_COMMON_BLOCKS = YES;
				GCC_OPTIMIZATION_LEVEL = 0;
				GCC_PREPROCESSOR_DEFINITIONS = (
					"DEBUG=1",
					"$(inherited)",
				);
				GCC_WARN_64_TO_32_BIT_CONVERSION = YES;
				GCC_WARN_ABOUT_RETURN_TYPE = YES_ERROR;
				GCC_WARN_UNDECLARED_SELECTOR = YES;
				GCC_WARN_UNINITIALIZED_AUTOS = YES_AGGRESSIVE;
				GCC_WARN_UNUSED_FUNCTION = YES;
				GCC_WARN_UNUSED_VARIABLE = YES;
				IPHONEOS_DEPLOYMENT_TARGET = 15.5;
				MTL_ENABLE_DEBUG_INFO = INCLUDE_SOURCE;
				MTL_FAST_MATH = YES;
				ONLY_ACTIVE_ARCH = YES;
				SDKROOT = iphoneos;
				SWIFT_ACTIVE_COMPILATION_CONDITIONS = DEBUG;
				SWIFT_OPTIMIZATION_LEVEL = "-Onone";
			};
			name = Debug;
		};
		9A8019DA28AFA2F500AA761D /* Release */ = {
			isa = XCBuildConfiguration;
			buildSettings = {
				ALWAYS_SEARCH_USER_PATHS = NO;
				CLANG_ANALYZER_NONNULL = YES;
				CLANG_ANALYZER_NUMBER_OBJECT_CONVERSION = YES_AGGRESSIVE;
				CLANG_CXX_LANGUAGE_STANDARD = "gnu++17";
				CLANG_ENABLE_MODULES = YES;
				CLANG_ENABLE_OBJC_ARC = YES;
				CLANG_ENABLE_OBJC_WEAK = YES;
				CLANG_WARN_BLOCK_CAPTURE_AUTORELEASING = YES;
				CLANG_WARN_BOOL_CONVERSION = YES;
				CLANG_WARN_COMMA = YES;
				CLANG_WARN_CONSTANT_CONVERSION = YES;
				CLANG_WARN_DEPRECATED_OBJC_IMPLEMENTATIONS = YES;
				CLANG_WARN_DIRECT_OBJC_ISA_USAGE = YES_ERROR;
				CLANG_WARN_DOCUMENTATION_COMMENTS = YES;
				CLANG_WARN_EMPTY_BODY = YES;
				CLANG_WARN_ENUM_CONVERSION = YES;
				CLANG_WARN_INFINITE_RECURSION = YES;
				CLANG_WARN_INT_CONVERSION = YES;
				CLANG_WARN_NON_LITERAL_NULL_CONVERSION = YES;
				CLANG_WARN_OBJC_IMPLICIT_RETAIN_SELF = YES;
				CLANG_WARN_OBJC_LITERAL_CONVERSION = YES;
				CLANG_WARN_OBJC_ROOT_CLASS = YES_ERROR;
				CLANG_WARN_QUOTED_INCLUDE_IN_FRAMEWORK_HEADER = YES;
				CLANG_WARN_RANGE_LOOP_ANALYSIS = YES;
				CLANG_WARN_STRICT_PROTOTYPES = YES;
				CLANG_WARN_SUSPICIOUS_MOVE = YES;
				CLANG_WARN_UNGUARDED_AVAILABILITY = YES_AGGRESSIVE;
				CLANG_WARN_UNREACHABLE_CODE = YES;
				CLANG_WARN__DUPLICATE_METHOD_MATCH = YES;
				COPY_PHASE_STRIP = NO;
				DEBUG_INFORMATION_FORMAT = "dwarf-with-dsym";
				ENABLE_NS_ASSERTIONS = NO;
				ENABLE_STRICT_OBJC_MSGSEND = YES;
				GCC_C_LANGUAGE_STANDARD = gnu11;
				GCC_NO_COMMON_BLOCKS = YES;
				GCC_WARN_64_TO_32_BIT_CONVERSION = YES;
				GCC_WARN_ABOUT_RETURN_TYPE = YES_ERROR;
				GCC_WARN_UNDECLARED_SELECTOR = YES;
				GCC_WARN_UNINITIALIZED_AUTOS = YES_AGGRESSIVE;
				GCC_WARN_UNUSED_FUNCTION = YES;
				GCC_WARN_UNUSED_VARIABLE = YES;
				IPHONEOS_DEPLOYMENT_TARGET = 15.5;
				MTL_ENABLE_DEBUG_INFO = NO;
				MTL_FAST_MATH = YES;
				SDKROOT = iphoneos;
				SWIFT_COMPILATION_MODE = wholemodule;
				SWIFT_OPTIMIZATION_LEVEL = "-O";
				VALIDATE_PRODUCT = YES;
			};
			name = Release;
		};
		9A8019DC28AFA2F500AA761D /* Debug */ = {
			isa = XCBuildConfiguration;
			buildSettings = {
				ASSETCATALOG_COMPILER_APPICON_NAME = AppIcon;
				ASSETCATALOG_COMPILER_GLOBAL_ACCENT_COLOR_NAME = AccentColor;
				CODE_SIGN_IDENTITY = "Apple Development";
				CODE_SIGN_STYLE = Automatic;
				CURRENT_PROJECT_VERSION = 2;
				DEVELOPMENT_TEAM = FQVKXC8D2N;
				GENERATE_INFOPLIST_FILE = YES;
				INFOPLIST_FILE = "Blind Shooter Audio Controller/Info.plist";
				INFOPLIST_KEY_CFBundleDisplayName = "Blind Shooter";
				INFOPLIST_KEY_UIApplicationSupportsIndirectInputEvents = YES;
				INFOPLIST_KEY_UILaunchStoryboardName = LaunchScreen;
				INFOPLIST_KEY_UIMainStoryboardFile = Main;
				INFOPLIST_KEY_UISupportedInterfaceOrientations = UIInterfaceOrientationPortrait;
				INFOPLIST_KEY_UISupportedInterfaceOrientations_iPad = "UIInterfaceOrientationPortrait UIInterfaceOrientationPortraitUpsideDown UIInterfaceOrientationLandscapeLeft UIInterfaceOrientationLandscapeRight";
				INFOPLIST_KEY_UISupportedInterfaceOrientations_iPhone = "UIInterfaceOrientationPortrait UIInterfaceOrientationLandscapeLeft UIInterfaceOrientationLandscapeRight";
				IPHONEOS_DEPLOYMENT_TARGET = 15.0;
				LD_RUNPATH_SEARCH_PATHS = (
					"$(inherited)",
					"@executable_path/Frameworks",
				);
				MARKETING_VERSION = 1.0;
				PRODUCT_BUNDLE_IDENTIFIER = com.blindShooterAaudioController;
				PRODUCT_NAME = "$(TARGET_NAME)";
				PROVISIONING_PROFILE_SPECIFIER = "";
				SWIFT_EMIT_LOC_STRINGS = YES;
				SWIFT_VERSION = 5.0;
				TARGETED_DEVICE_FAMILY = 1;
			};
			name = Debug;
		};
		9A8019DD28AFA2F500AA761D /* Release */ = {
			isa = XCBuildConfiguration;
			buildSettings = {
				ASSETCATALOG_COMPILER_APPICON_NAME = AppIcon;
				ASSETCATALOG_COMPILER_GLOBAL_ACCENT_COLOR_NAME = AccentColor;
				CODE_SIGN_IDENTITY = "Apple Development";
				CODE_SIGN_STYLE = Automatic;
				CURRENT_PROJECT_VERSION = 2;
				DEVELOPMENT_TEAM = FQVKXC8D2N;
				GENERATE_INFOPLIST_FILE = YES;
				INFOPLIST_FILE = "Blind Shooter Audio Controller/Info.plist";
				INFOPLIST_KEY_CFBundleDisplayName = "Blind Shooter";
				INFOPLIST_KEY_UIApplicationSupportsIndirectInputEvents = YES;
				INFOPLIST_KEY_UILaunchStoryboardName = LaunchScreen;
				INFOPLIST_KEY_UIMainStoryboardFile = Main;
				INFOPLIST_KEY_UISupportedInterfaceOrientations = UIInterfaceOrientationPortrait;
				INFOPLIST_KEY_UISupportedInterfaceOrientations_iPad = "UIInterfaceOrientationPortrait UIInterfaceOrientationPortraitUpsideDown UIInterfaceOrientationLandscapeLeft UIInterfaceOrientationLandscapeRight";
				INFOPLIST_KEY_UISupportedInterfaceOrientations_iPhone = "UIInterfaceOrientationPortrait UIInterfaceOrientationLandscapeLeft UIInterfaceOrientationLandscapeRight";
				IPHONEOS_DEPLOYMENT_TARGET = 15.0;
				LD_RUNPATH_SEARCH_PATHS = (
					"$(inherited)",
					"@executable_path/Frameworks",
				);
				MARKETING_VERSION = 1.0;
				PRODUCT_BUNDLE_IDENTIFIER = com.blindShooterAaudioController;
				PRODUCT_NAME = "$(TARGET_NAME)";
				PROVISIONING_PROFILE_SPECIFIER = "";
				SWIFT_EMIT_LOC_STRINGS = YES;
				SWIFT_VERSION = 5.0;
				TARGETED_DEVICE_FAMILY = 1;
			};
			name = Release;
		};
/* End XCBuildConfiguration section */

/* Begin XCConfigurationList section */
		9A8019C228AFA2F300AA761D /* Build configuration list for PBXProject "Blind Shooter Audio Controller" */ = {
			isa = XCConfigurationList;
			buildConfigurations = (
				9A8019D928AFA2F500AA761D /* Debug */,
				9A8019DA28AFA2F500AA761D /* Release */,
			);
			defaultConfigurationIsVisible = 0;
			defaultConfigurationName = Release;
		};
		9A8019DB28AFA2F500AA761D /* Build configuration list for PBXNativeTarget "Blind Shooter Audio Controller" */ = {
			isa = XCConfigurationList;
			buildConfigurations = (
				9A8019DC28AFA2F500AA761D /* Debug */,
				9A8019DD28AFA2F500AA761D /* Release */,
			);
			defaultConfigurationIsVisible = 0;
			defaultConfigurationName = Release;
		};
/* End XCConfigurationList section */
	};
	rootObject = 9A8019BF28AFA2F300AA761D /* Project object */;
}
